
Microsoft Visual Studio Solution File, Format Version 12.00
# Visual Studio Version 16
VisualStudioVersion = 16.0.31515.178
MinimumVisualStudioVersion = 10.0.40219.1
Project("{FAE04EC0-301F-11D3-BF4B-00C04F79EFBC}") = "LevelBuilder", "LevelBuilder\LevelBuilder.csproj", "{A1FB9F51-0F98-4152-8DBF-F0E03A78A320}"
EndProject
Global
	GlobalSection(SolutionConfigurationPlatforms) = preSolution
		Debug|Any CPU = Debug|Any CPU
		Release|Any CPU = Release|Any CPU
	EndGlobalSection
	GlobalSection(ProjectConfigurationPlatforms) = postSolution
		{A1FB9F51-0F98-4152-8DBF-F0E03A78A320}.Debug|Any CPU.ActiveCfg = Debug|Any CPU
		{A1FB9F51-0F98-4152-8DBF-F0E03A78A320}.Debug|Any CPU.Build.0 = Debug|Any CPU
		{A1FB9F51-0F98-4152-8DBF-F0E03A78A320}.Release|Any CPU.ActiveCfg = Release|Any CPU
		{A1FB9F51-0F98-4152-8DBF-F0E03A78A320}.Release|Any CPU.Build.0 = Release|Any CPU
	EndGlobalSection
	GlobalSection(SolutionProperties) = preSolution
		HideSolutionNode = FALSE
	EndGlobalSection
	GlobalSection(ExtensibilityGlobals) = postSolution
		SolutionGuid = {DA012062-29D6-43E8-8BE2-CD59A60E3E1B}
	EndGlobalSection
EndGlobal
